// !$*UTF8*$!
{
	archiveVersion = 1;
	classes = {
	};
	objectVersion = 55;
	objects = {

/* Begin PBXBuildFile section */
		184F852527F6916E008E599C /* AppDelegate.swift in Sources */ = {isa = PBXBuildFile; fileRef = 184F852427F6916E008E599C /* AppDelegate.swift */; };
		184F852727F6916E008E599C /* SceneDelegate.swift in Sources */ = {isa = PBXBuildFile; fileRef = 184F852627F6916E008E599C /* SceneDelegate.swift */; };
		184F852C27F6916E008E599C /* Main.storyboard in Resources */ = {isa = PBXBuildFile; fileRef = 184F852A27F6916E008E599C /* Main.storyboard */; };
		184F852F27F6916E008E599C /* Crypto_Bank.xcdatamodeld in Sources */ = {isa = PBXBuildFile; fileRef = 184F852D27F6916E008E599C /* Crypto_Bank.xcdatamodeld */; };
		184F853127F69170008E599C /* Assets.xcassets in Resources */ = {isa = PBXBuildFile; fileRef = 184F853027F69170008E599C /* Assets.xcassets */; };
		184F853427F69170008E599C /* LaunchScreen.storyboard in Resources */ = {isa = PBXBuildFile; fileRef = 184F853227F69170008E599C /* LaunchScreen.storyboard */; };
		184F853C27F69E85008E599C /* CryptoTableViewController.swift in Sources */ = {isa = PBXBuildFile; fileRef = 184F853B27F69E85008E599C /* CryptoTableViewController.swift */; };
		184F853E27F69EFD008E599C /* IconAPIHelper.swift in Sources */ = {isa = PBXBuildFile; fileRef = 184F853D27F69EFD008E599C /* IconAPIHelper.swift */; };
		184F854027F69F12008E599C /* ExchangeRateAPIHelper.swift in Sources */ = {isa = PBXBuildFile; fileRef = 184F853F27F69F12008E599C /* ExchangeRateAPIHelper.swift */; };
		184F854227F7EB03008E599C /* CryptoTableViewCell.swift in Sources */ = {isa = PBXBuildFile; fileRef = 184F854127F7EB03008E599C /* CryptoTableViewCell.swift */; };
		188D4B44280FB73D00AE7B22 /* Crypto.swift in Sources */ = {isa = PBXBuildFile; fileRef = 188D4B43280FB73D00AE7B22 /* Crypto.swift */; };
		188D4B752811F37300AE7B22 /* DetailCryptoAPIHelper.swift in Sources */ = {isa = PBXBuildFile; fileRef = 188D4B742811F37300AE7B22 /* DetailCryptoAPIHelper.swift */; };
		188D4B792812180700AE7B22 /* DetailViewController.swift in Sources */ = {isa = PBXBuildFile; fileRef = 188D4B782812180700AE7B22 /* DetailViewController.swift */; };
		188D4B7F2812322900AE7B22 /* calculateToString.swift in Sources */ = {isa = PBXBuildFile; fileRef = 188D4B7E2812322900AE7B22 /* calculateToString.swift */; };
		188D4B822812340900AE7B22 /* NSDecimalToString.swift in Sources */ = {isa = PBXBuildFile; fileRef = 188D4B812812340900AE7B22 /* NSDecimalToString.swift */; };
		188D4B842812362D00AE7B22 /* DecimalToString.swift in Sources */ = {isa = PBXBuildFile; fileRef = 188D4B832812362D00AE7B22 /* DecimalToString.swift */; };
		188D4B882812445900AE7B22 /* NewsAPIHelper.swift in Sources */ = {isa = PBXBuildFile; fileRef = 188D4B872812445900AE7B22 /* NewsAPIHelper.swift */; };
		188D4B8A281244B500AE7B22 /* NewsCollectionViewController.swift in Sources */ = {isa = PBXBuildFile; fileRef = 188D4B89281244B500AE7B22 /* NewsCollectionViewController.swift */; };
		188D4B8C2812450D00AE7B22 /* DetailCollectionViewCell.swift in Sources */ = {isa = PBXBuildFile; fileRef = 188D4B8B2812450D00AE7B22 /* DetailCollectionViewCell.swift */; };
		188D4B8E28124A1700AE7B22 /* News.swift in Sources */ = {isa = PBXBuildFile; fileRef = 188D4B8D28124A1700AE7B22 /* News.swift */; };
/* End PBXBuildFile section */

/* Begin PBXFileReference section */
		184F852127F6916E008E599C /* Crypto Bank.app */ = {isa = PBXFileReference; explicitFileType = wrapper.application; includeInIndex = 0; path = "Crypto Bank.app"; sourceTree = BUILT_PRODUCTS_DIR; };
		184F852427F6916E008E599C /* AppDelegate.swift */ = {isa = PBXFileReference; lastKnownFileType = sourcecode.swift; path = AppDelegate.swift; sourceTree = "<group>"; };
		184F852627F6916E008E599C /* SceneDelegate.swift */ = {isa = PBXFileReference; lastKnownFileType = sourcecode.swift; path = SceneDelegate.swift; sourceTree = "<group>"; };
		184F852B27F6916E008E599C /* Base */ = {isa = PBXFileReference; lastKnownFileType = file.storyboard; name = Base; path = Base.lproj/Main.storyboard; sourceTree = "<group>"; };
		184F852E27F6916E008E599C /* Crypto_Bank.xcdatamodel */ = {isa = PBXFileReference; lastKnownFileType = wrapper.xcdatamodel; path = Crypto_Bank.xcdatamodel; sourceTree = "<group>"; };
		184F853027F69170008E599C /* Assets.xcassets */ = {isa = PBXFileReference; lastKnownFileType = folder.assetcatalog; path = Assets.xcassets; sourceTree = "<group>"; };
		184F853327F69170008E599C /* Base */ = {isa = PBXFileReference; lastKnownFileType = file.storyboard; name = Base; path = Base.lproj/LaunchScreen.storyboard; sourceTree = "<group>"; };
		184F853527F69170008E599C /* Info.plist */ = {isa = PBXFileReference; lastKnownFileType = text.plist.xml; path = Info.plist; sourceTree = "<group>"; };
		184F853B27F69E85008E599C /* CryptoTableViewController.swift */ = {isa = PBXFileReference; lastKnownFileType = sourcecode.swift; path = CryptoTableViewController.swift; sourceTree = "<group>"; };
		184F853D27F69EFD008E599C /* IconAPIHelper.swift */ = {isa = PBXFileReference; lastKnownFileType = sourcecode.swift; path = IconAPIHelper.swift; sourceTree = "<group>"; };
		184F853F27F69F12008E599C /* ExchangeRateAPIHelper.swift */ = {isa = PBXFileReference; lastKnownFileType = sourcecode.swift; path = ExchangeRateAPIHelper.swift; sourceTree = "<group>"; };
		184F854127F7EB03008E599C /* CryptoTableViewCell.swift */ = {isa = PBXFileReference; lastKnownFileType = sourcecode.swift; path = CryptoTableViewCell.swift; sourceTree = "<group>"; };
		188D4B43280FB73D00AE7B22 /* Crypto.swift */ = {isa = PBXFileReference; lastKnownFileType = sourcecode.swift; path = Crypto.swift; sourceTree = "<group>"; };
		188D4B742811F37300AE7B22 /* DetailCryptoAPIHelper.swift */ = {isa = PBXFileReference; lastKnownFileType = sourcecode.swift; path = DetailCryptoAPIHelper.swift; sourceTree = "<group>"; };
		188D4B782812180700AE7B22 /* DetailViewController.swift */ = {isa = PBXFileReference; lastKnownFileType = sourcecode.swift; path = DetailViewController.swift; sourceTree = "<group>"; };
		188D4B7E2812322900AE7B22 /* calculateToString.swift */ = {isa = PBXFileReference; lastKnownFileType = sourcecode.swift; path = calculateToString.swift; sourceTree = "<group>"; };
		188D4B812812340900AE7B22 /* NSDecimalToString.swift */ = {isa = PBXFileReference; lastKnownFileType = sourcecode.swift; path = NSDecimalToString.swift; sourceTree = "<group>"; };
		188D4B832812362D00AE7B22 /* DecimalToString.swift */ = {isa = PBXFileReference; lastKnownFileType = sourcecode.swift; path = DecimalToString.swift; sourceTree = "<group>"; };
		188D4B872812445900AE7B22 /* NewsAPIHelper.swift */ = {isa = PBXFileReference; lastKnownFileType = sourcecode.swift; path = NewsAPIHelper.swift; sourceTree = "<group>"; };
		188D4B89281244B500AE7B22 /* NewsCollectionViewController.swift */ = {isa = PBXFileReference; lastKnownFileType = sourcecode.swift; path = NewsCollectionViewController.swift; sourceTree = "<group>"; };
		188D4B8B2812450D00AE7B22 /* DetailCollectionViewCell.swift */ = {isa = PBXFileReference; lastKnownFileType = sourcecode.swift; path = DetailCollectionViewCell.swift; sourceTree = "<group>"; };
		188D4B8D28124A1700AE7B22 /* News.swift */ = {isa = PBXFileReference; lastKnownFileType = sourcecode.swift; path = News.swift; sourceTree = "<group>"; };
/* End PBXFileReference section */

/* Begin PBXFrameworksBuildPhase section */
		184F851E27F6916E008E599C /* Frameworks */ = {
			isa = PBXFrameworksBuildPhase;
			buildActionMask = 2147483647;
			files = (
			);
			runOnlyForDeploymentPostprocessing = 0;
		};
/* End PBXFrameworksBuildPhase section */

/* Begin PBXGroup section */
		184F851827F6916E008E599C = {
			isa = PBXGroup;
			children = (
				184F852327F6916E008E599C /* Crypto Bank */,
				184F852227F6916E008E599C /* Products */,
			);
			sourceTree = "<group>";
		};
		184F852227F6916E008E599C /* Products */ = {
			isa = PBXGroup;
			children = (
				184F852127F6916E008E599C /* Crypto Bank.app */,
			);
			name = Products;
			sourceTree = "<group>";
		};
		184F852327F6916E008E599C /* Crypto Bank */ = {
			isa = PBXGroup;
			children = (
				184F852427F6916E008E599C /* AppDelegate.swift */,
				184F852627F6916E008E599C /* SceneDelegate.swift */,
				184F853B27F69E85008E599C /* CryptoTableViewController.swift */,
				184F854127F7EB03008E599C /* CryptoTableViewCell.swift */,
				188D4B782812180700AE7B22 /* DetailViewController.swift */,
				188D4B722811DCA900AE7B22 /* APIHelper */,
				188D4B732811DCC200AE7B22 /* Class */,
				188D4B802812323800AE7B22 /* Function */,
				184F852A27F6916E008E599C /* Main.storyboard */,
				188D4B89281244B500AE7B22 /* NewsCollectionViewController.swift */,
				188D4B8B2812450D00AE7B22 /* DetailCollectionViewCell.swift */,
				184F853027F69170008E599C /* Assets.xcassets */,
				184F853227F69170008E599C /* LaunchScreen.storyboard */,
				184F853527F69170008E599C /* Info.plist */,
				184F852D27F6916E008E599C /* Crypto_Bank.xcdatamodeld */,
			);
			path = "Crypto Bank";
			sourceTree = "<group>";
		};
		188D4B722811DCA900AE7B22 /* APIHelper */ = {
			isa = PBXGroup;
			children = (
				184F853D27F69EFD008E599C /* IconAPIHelper.swift */,
				188D4B742811F37300AE7B22 /* DetailCryptoAPIHelper.swift */,
				184F853F27F69F12008E599C /* ExchangeRateAPIHelper.swift */,
				188D4B872812445900AE7B22 /* NewsAPIHelper.swift */,
			);
			path = APIHelper;
			sourceTree = "<group>";
		};
		188D4B732811DCC200AE7B22 /* Class */ = {
			isa = PBXGroup;
			children = (
				188D4B43280FB73D00AE7B22 /* Crypto.swift */,
				188D4B8D28124A1700AE7B22 /* News.swift */,
			);
			path = Class;
			sourceTree = "<group>";
		};
		188D4B802812323800AE7B22 /* Function */ = {
			isa = PBXGroup;
			children = (
				188D4B812812340900AE7B22 /* NSDecimalToString.swift */,
				188D4B7E2812322900AE7B22 /* calculateToString.swift */,
				188D4B832812362D00AE7B22 /* DecimalToString.swift */,
			);
			path = Function;
			sourceTree = "<group>";
		};
/* End PBXGroup section */

/* Begin PBXNativeTarget section */
		184F852027F6916E008E599C /* Crypto Bank */ = {
			isa = PBXNativeTarget;
			buildConfigurationList = 184F853827F69170008E599C /* Build configuration list for PBXNativeTarget "Crypto Bank" */;
			buildPhases = (
				184F851D27F6916E008E599C /* Sources */,
				184F851E27F6916E008E599C /* Frameworks */,
				184F851F27F6916E008E599C /* Resources */,
			);
			buildRules = (
			);
			dependencies = (
			);
			name = "Crypto Bank";
			productName = "Crypto Bank";
			productReference = 184F852127F6916E008E599C /* Crypto Bank.app */;
			productType = "com.apple.product-type.application";
		};
/* End PBXNativeTarget section */

/* Begin PBXProject section */
		184F851927F6916E008E599C /* Project object */ = {
			isa = PBXProject;
			attributes = {
				BuildIndependentTargetsInParallel = 1;
				LastSwiftUpdateCheck = 1320;
				LastUpgradeCheck = 1320;
				TargetAttributes = {
					184F852027F6916E008E599C = {
						CreatedOnToolsVersion = 13.2.1;
					};
				};
			};
			buildConfigurationList = 184F851C27F6916E008E599C /* Build configuration list for PBXProject "Crypto Bank" */;
			compatibilityVersion = "Xcode 13.0";
			developmentRegion = en;
			hasScannedForEncodings = 0;
			knownRegions = (
				en,
				Base,
			);
			mainGroup = 184F851827F6916E008E599C;
			productRefGroup = 184F852227F6916E008E599C /* Products */;
			projectDirPath = "";
			projectRoot = "";
			targets = (
				184F852027F6916E008E599C /* Crypto Bank */,
			);
		};
/* End PBXProject section */

/* Begin PBXResourcesBuildPhase section */
		184F851F27F6916E008E599C /* Resources */ = {
			isa = PBXResourcesBuildPhase;
			buildActionMask = 2147483647;
			files = (
				184F853427F69170008E599C /* LaunchScreen.storyboard in Resources */,
				184F853127F69170008E599C /* Assets.xcassets in Resources */,
				184F852C27F6916E008E599C /* Main.storyboard in Resources */,
			);
			runOnlyForDeploymentPostprocessing = 0;
		};
/* End PBXResourcesBuildPhase section */

/* Begin PBXSourcesBuildPhase section */
		184F851D27F6916E008E599C /* Sources */ = {
			isa = PBXSourcesBuildPhase;
			buildActionMask = 2147483647;
			files = (
				188D4B792812180700AE7B22 /* DetailViewController.swift in Sources */,
				188D4B44280FB73D00AE7B22 /* Crypto.swift in Sources */,
				188D4B7F2812322900AE7B22 /* calculateToString.swift in Sources */,
				188D4B8C2812450D00AE7B22 /* DetailCollectionViewCell.swift in Sources */,
				188D4B752811F37300AE7B22 /* DetailCryptoAPIHelper.swift in Sources */,
				184F854027F69F12008E599C /* ExchangeRateAPIHelper.swift in Sources */,
				188D4B822812340900AE7B22 /* NSDecimalToString.swift in Sources */,
				188D4B842812362D00AE7B22 /* DecimalToString.swift in Sources */,
				184F853E27F69EFD008E599C /* IconAPIHelper.swift in Sources */,
				184F852F27F6916E008E599C /* Crypto_Bank.xcdatamodeld in Sources */,
				188D4B8A281244B500AE7B22 /* NewsCollectionViewController.swift in Sources */,
				184F853C27F69E85008E599C /* CryptoTableViewController.swift in Sources */,
				184F852527F6916E008E599C /* AppDelegate.swift in Sources */,
				188D4B882812445900AE7B22 /* NewsAPIHelper.swift in Sources */,
				184F852727F6916E008E599C /* SceneDelegate.swift in Sources */,
				188D4B8E28124A1700AE7B22 /* News.swift in Sources */,
				184F854227F7EB03008E599C /* CryptoTableViewCell.swift in Sources */,
			);
			runOnlyForDeploymentPostprocessing = 0;
		};
/* End PBXSourcesBuildPhase section */

/* Begin PBXVariantGroup section */
		184F852A27F6916E008E599C /* Main.storyboard */ = {
			isa = PBXVariantGroup;
			children = (
				184F852B27F6916E008E599C /* Base */,
			);
			name = Main.storyboard;
			sourceTree = "<group>";
		};
		184F853227F69170008E599C /* LaunchScreen.storyboard */ = {
			isa = PBXVariantGroup;
			children = (
				184F853327F69170008E599C /* Base */,
			);
			name = LaunchScreen.storyboard;
			sourceTree = "<group>";
		};
/* End PBXVariantGroup section */

/* Begin XCBuildConfiguration section */
		184F853627F69170008E599C /* Debug */ = {
			isa = XCBuildConfiguration;
			buildSettings = {
				ALWAYS_SEARCH_USER_PATHS = NO;
				CLANG_ANALYZER_NONNULL = YES;
				CLANG_ANALYZER_NUMBER_OBJECT_CONVERSION = YES_AGGRESSIVE;
				CLANG_CXX_LANGUAGE_STANDARD = "gnu++17";
				CLANG_CXX_LIBRARY = "libc++";
				CLANG_ENABLE_MODULES = YES;
				CLANG_ENABLE_OBJC_ARC = YES;
				CLANG_ENABLE_OBJC_WEAK = YES;
				CLANG_WARN_BLOCK_CAPTURE_AUTORELEASING = YES;
				CLANG_WARN_BOOL_CONVERSION = YES;
				CLANG_WARN_COMMA = YES;
				CLANG_WARN_CONSTANT_CONVERSION = YES;
				CLANG_WARN_DEPRECATED_OBJC_IMPLEMENTATIONS = YES;
				CLANG_WARN_DIRECT_OBJC_ISA_USAGE = YES_ERROR;
				CLANG_WARN_DOCUMENTATION_COMMENTS = YES;
				CLANG_WARN_EMPTY_BODY = YES;
				CLANG_WARN_ENUM_CONVERSION = YES;
				CLANG_WARN_INFINITE_RECURSION = YES;
				CLANG_WARN_INT_CONVERSION = YES;
				CLANG_WARN_NON_LITERAL_NULL_CONVERSION = YES;
				CLANG_WARN_OBJC_IMPLICIT_RETAIN_SELF = YES;
				CLANG_WARN_OBJC_LITERAL_CONVERSION = YES;
				CLANG_WARN_OBJC_ROOT_CLASS = YES_ERROR;
				CLANG_WARN_QUOTED_INCLUDE_IN_FRAMEWORK_HEADER = YES;
				CLANG_WARN_RANGE_LOOP_ANALYSIS = YES;
				CLANG_WARN_STRICT_PROTOTYPES = YES;
				CLANG_WARN_SUSPICIOUS_MOVE = YES;
				CLANG_WARN_UNGUARDED_AVAILABILITY = YES_AGGRESSIVE;
				CLANG_WARN_UNREACHABLE_CODE = YES;
				CLANG_WARN__DUPLICATE_METHOD_MATCH = YES;
				COPY_PHASE_STRIP = NO;
				DEBUG_INFORMATION_FORMAT = dwarf;
				ENABLE_STRICT_OBJC_MSGSEND = YES;
				ENABLE_TESTABILITY = YES;
				GCC_C_LANGUAGE_STANDARD = gnu11;
				GCC_DYNAMIC_NO_PIC = NO;
				GCC_NO_COMMON_BLOCKS = YES;
				GCC_OPTIMIZATION_LEVEL = 0;
				GCC_PREPROCESSOR_DEFINITIONS = (
					"DEBUG=1",
					"$(inherited)",
				);
				GCC_WARN_64_TO_32_BIT_CONVERSION = YES;
				GCC_WARN_ABOUT_RETURN_TYPE = YES_ERROR;
				GCC_WARN_UNDECLARED_SELECTOR = YES;
				GCC_WARN_UNINITIALIZED_AUTOS = YES_AGGRESSIVE;
				GCC_WARN_UNUSED_FUNCTION = YES;
				GCC_WARN_UNUSED_VARIABLE = YES;
				IPHONEOS_DEPLOYMENT_TARGET = 15.2;
				MTL_ENABLE_DEBUG_INFO = INCLUDE_SOURCE;
				MTL_FAST_MATH = YES;
				ONLY_ACTIVE_ARCH = YES;
				SDKROOT = iphoneos;
				SWIFT_ACTIVE_COMPILATION_CONDITIONS = DEBUG;
				SWIFT_OPTIMIZATION_LEVEL = "-Onone";
			};
			name = Debug;
		};
		184F853727F69170008E599C /* Release */ = {
			isa = XCBuildConfiguration;
			buildSettings = {
				ALWAYS_SEARCH_USER_PATHS = NO;
				CLANG_ANALYZER_NONNULL = YES;
				CLANG_ANALYZER_NUMBER_OBJECT_CONVERSION = YES_AGGRESSIVE;
				CLANG_CXX_LANGUAGE_STANDARD = "gnu++17";
				CLANG_CXX_LIBRARY = "libc++";
				CLANG_ENABLE_MODULES = YES;
				CLANG_ENABLE_OBJC_ARC = YES;
				CLANG_ENABLE_OBJC_WEAK = YES;
				CLANG_WARN_BLOCK_CAPTURE_AUTORELEASING = YES;
				CLANG_WARN_BOOL_CONVERSION = YES;
				CLANG_WARN_COMMA = YES;
				CLANG_WARN_CONSTANT_CONVERSION = YES;
				CLANG_WARN_DEPRECATED_OBJC_IMPLEMENTATIONS = YES;
				CLANG_WARN_DIRECT_OBJC_ISA_USAGE = YES_ERROR;
				CLANG_WARN_DOCUMENTATION_COMMENTS = YES;
				CLANG_WARN_EMPTY_BODY = YES;
				CLANG_WARN_ENUM_CONVERSION = YES;
				CLANG_WARN_INFINITE_RECURSION = YES;
				CLANG_WARN_INT_CONVERSION = YES;
				CLANG_WARN_NON_LITERAL_NULL_CONVERSION = YES;
				CLANG_WARN_OBJC_IMPLICIT_RETAIN_SELF = YES;
				CLANG_WARN_OBJC_LITERAL_CONVERSION = YES;
				CLANG_WARN_OBJC_ROOT_CLASS = YES_ERROR;
				CLANG_WARN_QUOTED_INCLUDE_IN_FRAMEWORK_HEADER = YES;
				CLANG_WARN_RANGE_LOOP_ANALYSIS = YES;
				CLANG_WARN_STRICT_PROTOTYPES = YES;
				CLANG_WARN_SUSPICIOUS_MOVE = YES;
				CLANG_WARN_UNGUARDED_AVAILABILITY = YES_AGGRESSIVE;
				CLANG_WARN_UNREACHABLE_CODE = YES;
				CLANG_WARN__DUPLICATE_METHOD_MATCH = YES;
				COPY_PHASE_STRIP = NO;
				DEBUG_INFORMATION_FORMAT = "dwarf-with-dsym";
				ENABLE_NS_ASSERTIONS = NO;
				ENABLE_STRICT_OBJC_MSGSEND = YES;
				GCC_C_LANGUAGE_STANDARD = gnu11;
				GCC_NO_COMMON_BLOCKS = YES;
				GCC_WARN_64_TO_32_BIT_CONVERSION = YES;
				GCC_WARN_ABOUT_RETURN_TYPE = YES_ERROR;
				GCC_WARN_UNDECLARED_SELECTOR = YES;
				GCC_WARN_UNINITIALIZED_AUTOS = YES_AGGRESSIVE;
				GCC_WARN_UNUSED_FUNCTION = YES;
				GCC_WARN_UNUSED_VARIABLE = YES;
				IPHONEOS_DEPLOYMENT_TARGET = 15.2;
				MTL_ENABLE_DEBUG_INFO = NO;
				MTL_FAST_MATH = YES;
				SDKROOT = iphoneos;
				SWIFT_COMPILATION_MODE = wholemodule;
				SWIFT_OPTIMIZATION_LEVEL = "-O";
				VALIDATE_PRODUCT = YES;
			};
			name = Release;
		};
		184F853927F69170008E599C /* Debug */ = {
			isa = XCBuildConfiguration;
			buildSettings = {
				ASSETCATALOG_COMPILER_APPICON_NAME = AppIcon;
				ASSETCATALOG_COMPILER_GLOBAL_ACCENT_COLOR_NAME = AccentColor;
				CODE_SIGN_STYLE = Automatic;
				CURRENT_PROJECT_VERSION = 1;
				DEVELOPMENT_TEAM = GVAZHU2KQN;
				GENERATE_INFOPLIST_FILE = YES;
				INFOPLIST_FILE = "Crypto Bank/Info.plist";
				INFOPLIST_KEY_UIApplicationSupportsIndirectInputEvents = YES;
				INFOPLIST_KEY_UILaunchStoryboardName = LaunchScreen;
				INFOPLIST_KEY_UIMainStoryboardFile = Main;
				INFOPLIST_KEY_UISupportedInterfaceOrientations_iPad = "UIInterfaceOrientationPortrait UIInterfaceOrientationPortraitUpsideDown UIInterfaceOrientationLandscapeLeft UIInterfaceOrientationLandscapeRight";
				INFOPLIST_KEY_UISupportedInterfaceOrientations_iPhone = "UIInterfaceOrientationPortrait UIInterfaceOrientationLandscapeLeft UIInterfaceOrientationLandscapeRight";
				LD_RUNPATH_SEARCH_PATHS = (
					"$(inherited)",
					"@executable_path/Frameworks",
				);
				MARKETING_VERSION = 1.0;
				PRODUCT_BUNDLE_IDENTIFIER = "yujia.Crypto-Bank";
				PRODUCT_NAME = "$(TARGET_NAME)";
				SWIFT_EMIT_LOC_STRINGS = YES;
				SWIFT_VERSION = 5.0;
				TARGETED_DEVICE_FAMILY = "1,2";
			};
			name = Debug;
		};
		184F853A27F69170008E599C /* Release */ = {
			isa = XCBuildConfiguration;
			buildSettings = {
				ASSETCATALOG_COMPILER_APPICON_NAME = AppIcon;
				ASSETCATALOG_COMPILER_GLOBAL_ACCENT_COLOR_NAME = AccentColor;
				CODE_SIGN_STYLE = Automatic;
				CURRENT_PROJECT_VERSION = 1;
				DEVELOPMENT_TEAM = GVAZHU2KQN;
				GENERATE_INFOPLIST_FILE = YES;
				INFOPLIST_FILE = "Crypto Bank/Info.plist";
				INFOPLIST_KEY_UIApplicationSupportsIndirectInputEvents = YES;
				INFOPLIST_KEY_UILaunchStoryboardName = LaunchScreen;
				INFOPLIST_KEY_UIMainStoryboardFile = Main;
				INFOPLIST_KEY_UISupportedInterfaceOrientations_iPad = "UIInterfaceOrientationPortrait UIInterfaceOrientationPortraitUpsideDown UIInterfaceOrientationLandscapeLeft UIInterfaceOrientationLandscapeRight";
				INFOPLIST_KEY_UISupportedInterfaceOrientations_iPhone = "UIInterfaceOrientationPortrait UIInterfaceOrientationLandscapeLeft UIInterfaceOrientationLandscapeRight";
				LD_RUNPATH_SEARCH_PATHS = (
					"$(inherited)",
					"@executable_path/Frameworks",
				);
				MARKETING_VERSION = 1.0;
				PRODUCT_BUNDLE_IDENTIFIER = "yujia.Crypto-Bank";
				PRODUCT_NAME = "$(TARGET_NAME)";
				SWIFT_EMIT_LOC_STRINGS = YES;
				SWIFT_VERSION = 5.0;
				TARGETED_DEVICE_FAMILY = "1,2";
			};
			name = Release;
		};
/* End XCBuildConfiguration section */

/* Begin XCConfigurationList section */
		184F851C27F6916E008E599C /* Build configuration list for PBXProject "Crypto Bank" */ = {
			isa = XCConfigurationList;
			buildConfigurations = (
				184F853627F69170008E599C /* Debug */,
				184F853727F69170008E599C /* Release */,
			);
			defaultConfigurationIsVisible = 0;
			defaultConfigurationName = Release;
		};
		184F853827F69170008E599C /* Build configuration list for PBXNativeTarget "Crypto Bank" */ = {
			isa = XCConfigurationList;
			buildConfigurations = (
				184F853927F69170008E599C /* Debug */,
				184F853A27F69170008E599C /* Release */,
			);
			defaultConfigurationIsVisible = 0;
			defaultConfigurationName = Release;
		};
/* End XCConfigurationList section */

/* Begin XCVersionGroup section */
		184F852D27F6916E008E599C /* Crypto_Bank.xcdatamodeld */ = {
			isa = XCVersionGroup;
			children = (
				184F852E27F6916E008E599C /* Crypto_Bank.xcdatamodel */,
			);
			currentVersion = 184F852E27F6916E008E599C /* Crypto_Bank.xcdatamodel */;
			path = Crypto_Bank.xcdatamodeld;
			sourceTree = "<group>";
			versionGroupType = wrapper.xcdatamodel;
		};
/* End XCVersionGroup section */
	};
	rootObject = 184F851927F6916E008E599C /* Project object */;
}
